
Microsoft Visual Studio Solution File, Format Version 12.00
# Visual Studio Version 17
VisualStudioVersion = 17.8.34316.72
MinimumVisualStudioVersion = 10.0.40219.1
Project("{FAE04EC0-301F-11D3-BF4B-00C04F79EFBC}") = "ProductWebAPI", "ProductWebAPI\ProductWebAPI.csproj", "{1FCCC53F-453B-497C-994A-A9CD85352C70}"
EndProject
Global
	GlobalSection(SolutionConfigurationPlatforms) = preSolution
		Debug|Any CPU = Debug|Any CPU
		Release|Any CPU = Release|Any CPU
	EndGlobalSection
	GlobalSection(ProjectConfigurationPlatforms) = postSolution
		{1FCCC53F-453B-497C-994A-A9CD85352C70}.Debug|Any CPU.ActiveCfg = Debug|Any CPU
		{1FCCC53F-453B-497C-994A-A9CD85352C70}.Debug|Any CPU.Build.0 = Debug|Any CPU
		{1FCCC53F-453B-497C-994A-A9CD85352C70}.Release|Any CPU.ActiveCfg = Release|Any CPU
		{1FCCC53F-453B-497C-994A-A9CD85352C70}.Release|Any CPU.Build.0 = Release|Any CPU
	EndGlobalSection
	GlobalSection(SolutionProperties) = preSolution
		HideSolutionNode = FALSE
	EndGlobalSection
	GlobalSection(ExtensibilityGlobals) = postSolution
		SolutionGuid = {C12E206D-F0AA-4724-9DC6-A12811F00C6F}
	EndGlobalSection
EndGlobal
